
Microsoft Visual Studio Solution File, Format Version 12.00
# Visual Studio 15
VisualStudioVersion = 15.0.28307.421
MinimumVisualStudioVersion = 10.0.40219.1
Project("{8BC9CEB8-8B4A-11D0-8D11-00A0C91BC942}") = "Marzev", "Marzev\Marzev.vcxproj", "{C5F80730-F44F-4478-BDAE-6634EFC2CA88}"
EndProject
Project("{8BC9CEB8-8B4A-11D0-8D11-00A0C91BC942}") = "NYG_Library", "..\NYG_Library\NYG_Library.vcxitems", "{62C10FDB-437D-4FC4-AF28-4BF3DFA5D158}"
EndProject
Project("{8BC9CEB8-8B4A-11D0-8D11-00A0C91BC942}") = "TestEepromJurnaling", "TestEepromJurnaling\TestEepromJurnaling.vcxproj", "{FF2B9C1F-18D5-48B1-9363-ECACFFC5096B}"
EndProject
Project("{8BC9CEB8-8B4A-11D0-8D11-00A0C91BC942}") = "SensorTest", "SensorTest\SensorTest.vcxproj", "{5EF1D0A7-E7CF-4A7D-8379-51110CB22506}"
EndProject
Project("{2150E333-8FDC-42A3-9474-1A3956D46DE8}") = "TESTS", "TESTS", "{03EE121F-7489-4835-A895-72B697E44061}"
EndProject
Project("{8BC9CEB8-8B4A-11D0-8D11-00A0C91BC942}") = "TestMarzevIO", "TestMarzevIO\TestMarzevIO.vcxproj", "{356927B5-70BF-4253-A4BB-62782FF5AA2D}"
EndProject
Global
	GlobalSection(SolutionConfigurationPlatforms) = preSolution
		Debug|x86 = Debug|x86
		Release|x86 = Release|x86
	EndGlobalSection
	GlobalSection(ProjectConfigurationPlatforms) = postSolution
		{C5F80730-F44F-4478-BDAE-6634EFC2CA88}.Debug|x86.ActiveCfg = Debug|Win32
		{C5F80730-F44F-4478-BDAE-6634EFC2CA88}.Debug|x86.Build.0 = Debug|Win32
		{C5F80730-F44F-4478-BDAE-6634EFC2CA88}.Release|x86.ActiveCfg = Release|Win32
		{C5F80730-F44F-4478-BDAE-6634EFC2CA88}.Release|x86.Build.0 = Release|Win32
		{FF2B9C1F-18D5-48B1-9363-ECACFFC5096B}.Debug|x86.ActiveCfg = Debug|Win32
		{FF2B9C1F-18D5-48B1-9363-ECACFFC5096B}.Debug|x86.Build.0 = Debug|Win32
		{FF2B9C1F-18D5-48B1-9363-ECACFFC5096B}.Release|x86.ActiveCfg = Release|Win32
		{FF2B9C1F-18D5-48B1-9363-ECACFFC5096B}.Release|x86.Build.0 = Release|Win32
		{5EF1D0A7-E7CF-4A7D-8379-51110CB22506}.Debug|x86.ActiveCfg = Debug|Win32
		{5EF1D0A7-E7CF-4A7D-8379-51110CB22506}.Debug|x86.Build.0 = Debug|Win32
		{5EF1D0A7-E7CF-4A7D-8379-51110CB22506}.Release|x86.ActiveCfg = Release|Win32
		{5EF1D0A7-E7CF-4A7D-8379-51110CB22506}.Release|x86.Build.0 = Release|Win32
		{356927B5-70BF-4253-A4BB-62782FF5AA2D}.Debug|x86.ActiveCfg = Debug|Win32
		{356927B5-70BF-4253-A4BB-62782FF5AA2D}.Debug|x86.Build.0 = Debug|Win32
		{356927B5-70BF-4253-A4BB-62782FF5AA2D}.Release|x86.ActiveCfg = Release|Win32
		{356927B5-70BF-4253-A4BB-62782FF5AA2D}.Release|x86.Build.0 = Release|Win32
	EndGlobalSection
	GlobalSection(SolutionProperties) = preSolution
		HideSolutionNode = FALSE
	EndGlobalSection
	GlobalSection(NestedProjects) = preSolution
		{FF2B9C1F-18D5-48B1-9363-ECACFFC5096B} = {03EE121F-7489-4835-A895-72B697E44061}
		{5EF1D0A7-E7CF-4A7D-8379-51110CB22506} = {03EE121F-7489-4835-A895-72B697E44061}
		{356927B5-70BF-4253-A4BB-62782FF5AA2D} = {03EE121F-7489-4835-A895-72B697E44061}
	EndGlobalSection
	GlobalSection(ExtensibilityGlobals) = postSolution
		SolutionGuid = {02F32E09-768A-4BEB-B8C9-45D7027084EF}
	EndGlobalSection
EndGlobal
